// !$*UTF8*$!
{
	archiveVersion = 1;
	classes = {
	};
	objectVersion = 50;
	objects = {

/* Begin PBXBuildFile section */
		C392355626CBC81B003AD94D /* QRScanAppApp.swift in Sources */ = {isa = PBXBuildFile; fileRef = C392355526CBC81B003AD94D /* QRScanAppApp.swift */; };
		C392355826CBC81B003AD94D /* ContentView.swift in Sources */ = {isa = PBXBuildFile; fileRef = C392355726CBC81B003AD94D /* ContentView.swift */; };
		C392355A26CBC81C003AD94D /* Assets.xcassets in Resources */ = {isa = PBXBuildFile; fileRef = C392355926CBC81C003AD94D /* Assets.xcassets */; };
		C392355D26CBC81C003AD94D /* Preview Assets.xcassets in Resources */ = {isa = PBXBuildFile; fileRef = C392355C26CBC81C003AD94D /* Preview Assets.xcassets */; };
		C392356826CBCFE4003AD94D /* ScannerViewModel.swift in Sources */ = {isa = PBXBuildFile; fileRef = C392356726CBCFE4003AD94D /* ScannerViewModel.swift */; };
		C392356A26CBD00F003AD94D /* ScannerView.swift in Sources */ = {isa = PBXBuildFile; fileRef = C392356926CBD00F003AD94D /* ScannerView.swift */; };
		C392356C26CBD210003AD94D /* QrCodeCameraDelegate.swift in Sources */ = {isa = PBXBuildFile; fileRef = C392356B26CBD210003AD94D /* QrCodeCameraDelegate.swift */; };
		C392356E26CBD24A003AD94D /* CameraPreview.swift in Sources */ = {isa = PBXBuildFile; fileRef = C392356D26CBD24A003AD94D /* CameraPreview.swift */; };
		C392357026CBD280003AD94D /* QrCodeScannerView.swift in Sources */ = {isa = PBXBuildFile; fileRef = C392356F26CBD280003AD94D /* QrCodeScannerView.swift */; };
/* End PBXBuildFile section */

/* Begin PBXFileReference section */
		C392355226CBC81B003AD94D /* QRScanApp.app */ = {isa = PBXFileReference; explicitFileType = wrapper.application; includeInIndex = 0; path = QRScanApp.app; sourceTree = BUILT_PRODUCTS_DIR; };
		C392355526CBC81B003AD94D /* QRScanAppApp.swift */ = {isa = PBXFileReference; lastKnownFileType = sourcecode.swift; path = QRScanAppApp.swift; sourceTree = "<group>"; };
		C392355726CBC81B003AD94D /* ContentView.swift */ = {isa = PBXFileReference; lastKnownFileType = sourcecode.swift; path = ContentView.swift; sourceTree = "<group>"; };
		C392355926CBC81C003AD94D /* Assets.xcassets */ = {isa = PBXFileReference; lastKnownFileType = folder.assetcatalog; path = Assets.xcassets; sourceTree = "<group>"; };
		C392355C26CBC81C003AD94D /* Preview Assets.xcassets */ = {isa = PBXFileReference; lastKnownFileType = folder.assetcatalog; path = "Preview Assets.xcassets"; sourceTree = "<group>"; };
		C392355E26CBC81C003AD94D /* Info.plist */ = {isa = PBXFileReference; lastKnownFileType = text.plist.xml; path = Info.plist; sourceTree = "<group>"; };
		C392356726CBCFE4003AD94D /* ScannerViewModel.swift */ = {isa = PBXFileReference; lastKnownFileType = sourcecode.swift; path = ScannerViewModel.swift; sourceTree = "<group>"; };
		C392356926CBD00F003AD94D /* ScannerView.swift */ = {isa = PBXFileReference; lastKnownFileType = sourcecode.swift; path = ScannerView.swift; sourceTree = "<group>"; };
		C392356B26CBD210003AD94D /* QrCodeCameraDelegate.swift */ = {isa = PBXFileReference; lastKnownFileType = sourcecode.swift; path = QrCodeCameraDelegate.swift; sourceTree = "<group>"; };
		C392356D26CBD24A003AD94D /* CameraPreview.swift */ = {isa = PBXFileReference; lastKnownFileType = sourcecode.swift; path = CameraPreview.swift; sourceTree = "<group>"; };
		C392356F26CBD280003AD94D /* QrCodeScannerView.swift */ = {isa = PBXFileReference; lastKnownFileType = sourcecode.swift; path = QrCodeScannerView.swift; sourceTree = "<group>"; };
/* End PBXFileReference section */

/* Begin PBXFrameworksBuildPhase section */
		C392354F26CBC81B003AD94D /* Frameworks */ = {
			isa = PBXFrameworksBuildPhase;
			buildActionMask = 2147483647;
			files = (
			);
			runOnlyForDeploymentPostprocessing = 0;
		};
/* End PBXFrameworksBuildPhase section */

/* Begin PBXGroup section */
		C392354926CBC81B003AD94D = {
			isa = PBXGroup;
			children = (
				C392355426CBC81B003AD94D /* QRScanApp */,
				C392355326CBC81B003AD94D /* Products */,
			);
			sourceTree = "<group>";
		};
		C392355326CBC81B003AD94D /* Products */ = {
			isa = PBXGroup;
			children = (
				C392355226CBC81B003AD94D /* QRScanApp.app */,
			);
			name = Products;
			sourceTree = "<group>";
		};
		C392355426CBC81B003AD94D /* QRScanApp */ = {
			isa = PBXGroup;
			children = (
				C392355526CBC81B003AD94D /* QRScanAppApp.swift */,
				C392355726CBC81B003AD94D /* ContentView.swift */,
				C392356926CBD00F003AD94D /* ScannerView.swift */,
				C392356726CBCFE4003AD94D /* ScannerViewModel.swift */,
				C392356B26CBD210003AD94D /* QrCodeCameraDelegate.swift */,
				C392356D26CBD24A003AD94D /* CameraPreview.swift */,
				C392356F26CBD280003AD94D /* QrCodeScannerView.swift */,
				C392355926CBC81C003AD94D /* Assets.xcassets */,
				C392355E26CBC81C003AD94D /* Info.plist */,
				C392355B26CBC81C003AD94D /* Preview Content */,
			);
			path = QRScanApp;
			sourceTree = "<group>";
		};
		C392355B26CBC81C003AD94D /* Preview Content */ = {
			isa = PBXGroup;
			children = (
				C392355C26CBC81C003AD94D /* Preview Assets.xcassets */,
			);
			path = "Preview Content";
			sourceTree = "<group>";
		};
/* End PBXGroup section */

/* Begin PBXNativeTarget section */
		C392355126CBC81B003AD94D /* QRScanApp */ = {
			isa = PBXNativeTarget;
			buildConfigurationList = C392356126CBC81C003AD94D /* Build configuration list for PBXNativeTarget "QRScanApp" */;
			buildPhases = (
				C392354E26CBC81B003AD94D /* Sources */,
				C392354F26CBC81B003AD94D /* Frameworks */,
				C392355026CBC81B003AD94D /* Resources */,
			);
			buildRules = (
			);
			dependencies = (
			);
			name = QRScanApp;
			productName = QRScanApp;
			productReference = C392355226CBC81B003AD94D /* QRScanApp.app */;
			productType = "com.apple.product-type.application";
		};
/* End PBXNativeTarget section */

/* Begin PBXProject section */
		C392354A26CBC81B003AD94D /* Project object */ = {
			isa = PBXProject;
			attributes = {
				LastSwiftUpdateCheck = 1250;
				LastUpgradeCheck = 1250;
				TargetAttributes = {
					C392355126CBC81B003AD94D = {
						CreatedOnToolsVersion = 12.5.1;
					};
				};
			};
			buildConfigurationList = C392354D26CBC81B003AD94D /* Build configuration list for PBXProject "QRScanApp" */;
			compatibilityVersion = "Xcode 9.3";
			developmentRegion = en;
			hasScannedForEncodings = 0;
			knownRegions = (
				en,
				Base,
			);
			mainGroup = C392354926CBC81B003AD94D;
			productRefGroup = C392355326CBC81B003AD94D /* Products */;
			projectDirPath = "";
			projectRoot = "";
			targets = (
				C392355126CBC81B003AD94D /* QRScanApp */,
			);
		};
/* End PBXProject section */

/* Begin PBXResourcesBuildPhase section */
		C392355026CBC81B003AD94D /* Resources */ = {
			isa = PBXResourcesBuildPhase;
			buildActionMask = 2147483647;
			files = (
				C392355D26CBC81C003AD94D /* Preview Assets.xcassets in Resources */,
				C392355A26CBC81C003AD94D /* Assets.xcassets in Resources */,
			);
			runOnlyForDeploymentPostprocessing = 0;
		};
/* End PBXResourcesBuildPhase section */

/* Begin PBXSourcesBuildPhase section */
		C392354E26CBC81B003AD94D /* Sources */ = {
			isa = PBXSourcesBuildPhase;
			buildActionMask = 2147483647;
			files = (
				C392357026CBD280003AD94D /* QrCodeScannerView.swift in Sources */,
				C392355826CBC81B003AD94D /* ContentView.swift in Sources */,
				C392356A26CBD00F003AD94D /* ScannerView.swift in Sources */,
				C392356826CBCFE4003AD94D /* ScannerViewModel.swift in Sources */,
				C392356E26CBD24A003AD94D /* CameraPreview.swift in Sources */,
				C392356C26CBD210003AD94D /* QrCodeCameraDelegate.swift in Sources */,
				C392355626CBC81B003AD94D /* QRScanAppApp.swift in Sources */,
			);
			runOnlyForDeploymentPostprocessing = 0;
		};
/* End PBXSourcesBuildPhase section */

/* Begin XCBuildConfiguration section */
		C392355F26CBC81C003AD94D /* Debug */ = {
			isa = XCBuildConfiguration;
			buildSettings = {
				ALWAYS_SEARCH_USER_PATHS = NO;
				CLANG_ANALYZER_NONNULL = YES;
				CLANG_ANALYZER_NUMBER_OBJECT_CONVERSION = YES_AGGRESSIVE;
				CLANG_CXX_LANGUAGE_STANDARD = "gnu++14";
				CLANG_CXX_LIBRARY = "libc++";
				CLANG_ENABLE_MODULES = YES;
				CLANG_ENABLE_OBJC_ARC = YES;
				CLANG_ENABLE_OBJC_WEAK = YES;
				CLANG_WARN_BLOCK_CAPTURE_AUTORELEASING = YES;
				CLANG_WARN_BOOL_CONVERSION = YES;
				CLANG_WARN_COMMA = YES;
				CLANG_WARN_CONSTANT_CONVERSION = YES;
				CLANG_WARN_DEPRECATED_OBJC_IMPLEMENTATIONS = YES;
				CLANG_WARN_DIRECT_OBJC_ISA_USAGE = YES_ERROR;
				CLANG_WARN_DOCUMENTATION_COMMENTS = YES;
				CLANG_WARN_EMPTY_BODY = YES;
				CLANG_WARN_ENUM_CONVERSION = YES;
				CLANG_WARN_INFINITE_RECURSION = YES;
				CLANG_WARN_INT_CONVERSION = YES;
				CLANG_WARN_NON_LITERAL_NULL_CONVERSION = YES;
				CLANG_WARN_OBJC_IMPLICIT_RETAIN_SELF = YES;
				CLANG_WARN_OBJC_LITERAL_CONVERSION = YES;
				CLANG_WARN_OBJC_ROOT_CLASS = YES_ERROR;
				CLANG_WARN_QUOTED_INCLUDE_IN_FRAMEWORK_HEADER = YES;
				CLANG_WARN_RANGE_LOOP_ANALYSIS = YES;
				CLANG_WARN_STRICT_PROTOTYPES = YES;
				CLANG_WARN_SUSPICIOUS_MOVE = YES;
				CLANG_WARN_UNGUARDED_AVAILABILITY = YES_AGGRESSIVE;
				CLANG_WARN_UNREACHABLE_CODE = YES;
				CLANG_WARN__DUPLICATE_METHOD_MATCH = YES;
				COPY_PHASE_STRIP = NO;
				DEBUG_INFORMATION_FORMAT = dwarf;
				ENABLE_STRICT_OBJC_MSGSEND = YES;
				ENABLE_TESTABILITY = YES;
				GCC_C_LANGUAGE_STANDARD = gnu11;
				GCC_DYNAMIC_NO_PIC = NO;
				GCC_NO_COMMON_BLOCKS = YES;
				GCC_OPTIMIZATION_LEVEL = 0;
				GCC_PREPROCESSOR_DEFINITIONS = (
					"DEBUG=1",
					"$(inherited)",
				);
				GCC_WARN_64_TO_32_BIT_CONVERSION = YES;
				GCC_WARN_ABOUT_RETURN_TYPE = YES_ERROR;
				GCC_WARN_UNDECLARED_SELECTOR = YES;
				GCC_WARN_UNINITIALIZED_AUTOS = YES_AGGRESSIVE;
				GCC_WARN_UNUSED_FUNCTION = YES;
				GCC_WARN_UNUSED_VARIABLE = YES;
				IPHONEOS_DEPLOYMENT_TARGET = 14.5;
				MTL_ENABLE_DEBUG_INFO = INCLUDE_SOURCE;
				MTL_FAST_MATH = YES;
				ONLY_ACTIVE_ARCH = YES;
				SDKROOT = iphoneos;
				SWIFT_ACTIVE_COMPILATION_CONDITIONS = DEBUG;
				SWIFT_OPTIMIZATION_LEVEL = "-Onone";
			};
			name = Debug;
		};
		C392356026CBC81C003AD94D /* Release */ = {
			isa = XCBuildConfiguration;
			buildSettings = {
				ALWAYS_SEARCH_USER_PATHS = NO;
				CLANG_ANALYZER_NONNULL = YES;
				CLANG_ANALYZER_NUMBER_OBJECT_CONVERSION = YES_AGGRESSIVE;
				CLANG_CXX_LANGUAGE_STANDARD = "gnu++14";
				CLANG_CXX_LIBRARY = "libc++";
				CLANG_ENABLE_MODULES = YES;
				CLANG_ENABLE_OBJC_ARC = YES;
				CLANG_ENABLE_OBJC_WEAK = YES;
				CLANG_WARN_BLOCK_CAPTURE_AUTORELEASING = YES;
				CLANG_WARN_BOOL_CONVERSION = YES;
				CLANG_WARN_COMMA = YES;
				CLANG_WARN_CONSTANT_CONVERSION = YES;
				CLANG_WARN_DEPRECATED_OBJC_IMPLEMENTATIONS = YES;
				CLANG_WARN_DIRECT_OBJC_ISA_USAGE = YES_ERROR;
				CLANG_WARN_DOCUMENTATION_COMMENTS = YES;
				CLANG_WARN_EMPTY_BODY = YES;
				CLANG_WARN_ENUM_CONVERSION = YES;
				CLANG_WARN_INFINITE_RECURSION = YES;
				CLANG_WARN_INT_CONVERSION = YES;
				CLANG_WARN_NON_LITERAL_NULL_CONVERSION = YES;
				CLANG_WARN_OBJC_IMPLICIT_RETAIN_SELF = YES;
				CLANG_WARN_OBJC_LITERAL_CONVERSION = YES;
				CLANG_WARN_OBJC_ROOT_CLASS = YES_ERROR;
				CLANG_WARN_QUOTED_INCLUDE_IN_FRAMEWORK_HEADER = YES;
				CLANG_WARN_RANGE_LOOP_ANALYSIS = YES;
				CLANG_WARN_STRICT_PROTOTYPES = YES;
				CLANG_WARN_SUSPICIOUS_MOVE = YES;
				CLANG_WARN_UNGUARDED_AVAILABILITY = YES_AGGRESSIVE;
				CLANG_WARN_UNREACHABLE_CODE = YES;
				CLANG_WARN__DUPLICATE_METHOD_MATCH = YES;
				COPY_PHASE_STRIP = NO;
				DEBUG_INFORMATION_FORMAT = "dwarf-with-dsym";
				ENABLE_NS_ASSERTIONS = NO;
				ENABLE_STRICT_OBJC_MSGSEND = YES;
				GCC_C_LANGUAGE_STANDARD = gnu11;
				GCC_NO_COMMON_BLOCKS = YES;
				GCC_WARN_64_TO_32_BIT_CONVERSION = YES;
				GCC_WARN_ABOUT_RETURN_TYPE = YES_ERROR;
				GCC_WARN_UNDECLARED_SELECTOR = YES;
				GCC_WARN_UNINITIALIZED_AUTOS = YES_AGGRESSIVE;
				GCC_WARN_UNUSED_FUNCTION = YES;
				GCC_WARN_UNUSED_VARIABLE = YES;
				IPHONEOS_DEPLOYMENT_TARGET = 14.5;
				MTL_ENABLE_DEBUG_INFO = NO;
				MTL_FAST_MATH = YES;
				SDKROOT = iphoneos;
				SWIFT_COMPILATION_MODE = wholemodule;
				SWIFT_OPTIMIZATION_LEVEL = "-O";
				VALIDATE_PRODUCT = YES;
			};
			name = Release;
		};
		C392356226CBC81C003AD94D /* Debug */ = {
			isa = XCBuildConfiguration;
			buildSettings = {
				ASSETCATALOG_COMPILER_APPICON_NAME = AppIcon;
				ASSETCATALOG_COMPILER_GLOBAL_ACCENT_COLOR_NAME = AccentColor;
				CODE_SIGN_STYLE = Automatic;
				DEVELOPMENT_ASSET_PATHS = "\"QRScanApp/Preview Content\"";
				DEVELOPMENT_TEAM = KPE2HZ3RT6;
				ENABLE_PREVIEWS = YES;
				INFOPLIST_FILE = QRScanApp/Info.plist;
				IPHONEOS_DEPLOYMENT_TARGET = 14.0;
				LD_RUNPATH_SEARCH_PATHS = (
					"$(inherited)",
					"@executable_path/Frameworks",
				);
				PRODUCT_BUNDLE_IDENTIFIER = tech.landland.QRScanApp;
				PRODUCT_NAME = "$(TARGET_NAME)";
				SWIFT_VERSION = 5.0;
				TARGETED_DEVICE_FAMILY = "1,2";
			};
			name = Debug;
		};
		C392356326CBC81C003AD94D /* Release */ = {
			isa = XCBuildConfiguration;
			buildSettings = {
				ASSETCATALOG_COMPILER_APPICON_NAME = AppIcon;
				ASSETCATALOG_COMPILER_GLOBAL_ACCENT_COLOR_NAME = AccentColor;
				CODE_SIGN_STYLE = Automatic;
				DEVELOPMENT_ASSET_PATHS = "\"QRScanApp/Preview Content\"";
				DEVELOPMENT_TEAM = KPE2HZ3RT6;
				ENABLE_PREVIEWS = YES;
				INFOPLIST_FILE = QRScanApp/Info.plist;
				IPHONEOS_DEPLOYMENT_TARGET = 14.0;
				LD_RUNPATH_SEARCH_PATHS = (
					"$(inherited)",
					"@executable_path/Frameworks",
				);
				PRODUCT_BUNDLE_IDENTIFIER = tech.landland.QRScanApp;
				PRODUCT_NAME = "$(TARGET_NAME)";
				SWIFT_VERSION = 5.0;
				TARGETED_DEVICE_FAMILY = "1,2";
			};
			name = Release;
		};
/* End XCBuildConfiguration section */

/* Begin XCConfigurationList section */
		C392354D26CBC81B003AD94D /* Build configuration list for PBXProject "QRScanApp" */ = {
			isa = XCConfigurationList;
			buildConfigurations = (
				C392355F26CBC81C003AD94D /* Debug */,
				C392356026CBC81C003AD94D /* Release */,
			);
			defaultConfigurationIsVisible = 0;
			defaultConfigurationName = Release;
		};
		C392356126CBC81C003AD94D /* Build configuration list for PBXNativeTarget "QRScanApp" */ = {
			isa = XCConfigurationList;
			buildConfigurations = (
				C392356226CBC81C003AD94D /* Debug */,
				C392356326CBC81C003AD94D /* Release */,
			);
			defaultConfigurationIsVisible = 0;
			defaultConfigurationName = Release;
		};
/* End XCConfigurationList section */
	};
	rootObject = C392354A26CBC81B003AD94D /* Project object */;
}
